// !$*UTF8*$!
{
	archiveVersion = 1;
	classes = {
	};
	objectVersion = 56;
	objects = {

/* Begin PBXBuildFile section */
		8120D3F22948A278004B1E73 /* B.mp3 in Resources */ = {isa = PBXBuildFile; fileRef = 8120D3F12948A278004B1E73 /* B.mp3 */; };
		8120D3F42948A2DE004B1E73 /* C.mp3 in Resources */ = {isa = PBXBuildFile; fileRef = 8120D3F32948A2DE004B1E73 /* C.mp3 */; };
		8120D3F62948A31A004B1E73 /* D.mp3 in Resources */ = {isa = PBXBuildFile; fileRef = 8120D3F52948A31A004B1E73 /* D.mp3 */; };
		8120D3F82948A347004B1E73 /* E.mp3 in Resources */ = {isa = PBXBuildFile; fileRef = 8120D3F72948A347004B1E73 /* E.mp3 */; };
		8120D3FA2948A389004B1E73 /* F.mp3 in Resources */ = {isa = PBXBuildFile; fileRef = 8120D3F92948A389004B1E73 /* F.mp3 */; };
		8120D3FC2948A467004B1E73 /* G.mp3 in Resources */ = {isa = PBXBuildFile; fileRef = 8120D3FB2948A467004B1E73 /* G.mp3 */; };
		8120D3FE2948A513004B1E73 /* I.mp3 in Resources */ = {isa = PBXBuildFile; fileRef = 8120D3FD2948A513004B1E73 /* I.mp3 */; };
		8120D4002948A524004B1E73 /* H.mp3 in Resources */ = {isa = PBXBuildFile; fileRef = 8120D3FF2948A524004B1E73 /* H.mp3 */; };
		8120D4022948A586004B1E73 /* J.mp3 in Resources */ = {isa = PBXBuildFile; fileRef = 8120D4012948A586004B1E73 /* J.mp3 */; };
		8120D4042948A5A8004B1E73 /* K.mp3 in Resources */ = {isa = PBXBuildFile; fileRef = 8120D4032948A5A8004B1E73 /* K.mp3 */; };
		8120D4062948A5BF004B1E73 /* L.mp3 in Resources */ = {isa = PBXBuildFile; fileRef = 8120D4052948A5BF004B1E73 /* L.mp3 */; };
		8120D4082948A667004B1E73 /* M.mp3 in Resources */ = {isa = PBXBuildFile; fileRef = 8120D4072948A667004B1E73 /* M.mp3 */; };
		8120D40A2948A68E004B1E73 /* N.mp3 in Resources */ = {isa = PBXBuildFile; fileRef = 8120D4092948A68E004B1E73 /* N.mp3 */; };
		8120D40C2948A692004B1E73 /* O.mp3 in Resources */ = {isa = PBXBuildFile; fileRef = 8120D40B2948A692004B1E73 /* O.mp3 */; };
		8120D40E2948A696004B1E73 /* P.mp3 in Resources */ = {isa = PBXBuildFile; fileRef = 8120D40D2948A696004B1E73 /* P.mp3 */; };
		8120D4102948A736004B1E73 /* Q.mp3 in Resources */ = {isa = PBXBuildFile; fileRef = 8120D40F2948A736004B1E73 /* Q.mp3 */; };
		8120D4122948A73D004B1E73 /* R.mp3 in Resources */ = {isa = PBXBuildFile; fileRef = 8120D4112948A73D004B1E73 /* R.mp3 */; };
		8120D4142948A748004B1E73 /* S.mp3 in Resources */ = {isa = PBXBuildFile; fileRef = 8120D4132948A748004B1E73 /* S.mp3 */; };
		8120D4162948A74E004B1E73 /* T.mp3 in Resources */ = {isa = PBXBuildFile; fileRef = 8120D4152948A74E004B1E73 /* T.mp3 */; };
		8120D4182948A757004B1E73 /* U.mp3 in Resources */ = {isa = PBXBuildFile; fileRef = 8120D4172948A757004B1E73 /* U.mp3 */; };
		8120D41A2948A827004B1E73 /* V.mp3 in Resources */ = {isa = PBXBuildFile; fileRef = 8120D4192948A827004B1E73 /* V.mp3 */; };
		8120D41C2948A82C004B1E73 /* W.mp3 in Resources */ = {isa = PBXBuildFile; fileRef = 8120D41B2948A82C004B1E73 /* W.mp3 */; };
		8120D41E2948A831004B1E73 /* X.mp3 in Resources */ = {isa = PBXBuildFile; fileRef = 8120D41D2948A831004B1E73 /* X.mp3 */; };
		8120D4202948A837004B1E73 /* Y.mp3 in Resources */ = {isa = PBXBuildFile; fileRef = 8120D41F2948A837004B1E73 /* Y.mp3 */; };
		8120D4222948A83B004B1E73 /* Z.mp3 in Resources */ = {isa = PBXBuildFile; fileRef = 8120D4212948A83B004B1E73 /* Z.mp3 */; };
		8120D4242948A926004B1E73 /* A.mp3 in Resources */ = {isa = PBXBuildFile; fileRef = 8120D4232948A926004B1E73 /* A.mp3 */; };
		8120D4262948DDB5004B1E73 /* escolha.mp3 in Resources */ = {isa = PBXBuildFile; fileRef = 8120D4252948DDB5004B1E73 /* escolha.mp3 */; };
		8120D4282948F149004B1E73 /* vogais.mp3 in Resources */ = {isa = PBXBuildFile; fileRef = 8120D4272948F149004B1E73 /* vogais.mp3 */; };
		8120D42A2948F1AE004B1E73 /* consoante.mp3 in Resources */ = {isa = PBXBuildFile; fileRef = 8120D4292948F1AE004B1E73 /* consoante.mp3 */; };
		8120D42C2948F39D004B1E73 /* alfabeto.mp3 in Resources */ = {isa = PBXBuildFile; fileRef = 8120D42B2948F39D004B1E73 /* alfabeto.mp3 */; };
		8120D43029490D00004B1E73 /* atividadevogal.mp3 in Resources */ = {isa = PBXBuildFile; fileRef = 8120D42F29490D00004B1E73 /* atividadevogal.mp3 */; };
		813A36EA291AF210006D31C6 /* ElementView.swift in Sources */ = {isa = PBXBuildFile; fileRef = 813A36E9291AF210006D31C6 /* ElementView.swift */; };
		870EA458291433FC00936EB2 /* WRApp.swift in Sources */ = {isa = PBXBuildFile; fileRef = 870EA457291433FC00936EB2 /* WRApp.swift */; };
		870EA45A291433FC00936EB2 /* ContentView.swift in Sources */ = {isa = PBXBuildFile; fileRef = 870EA459291433FC00936EB2 /* ContentView.swift */; };
		870EA45C291433FC00936EB2 /* Assets.xcassets in Resources */ = {isa = PBXBuildFile; fileRef = 870EA45B291433FC00936EB2 /* Assets.xcassets */; };
		870EA45F291433FC00936EB2 /* Preview Assets.xcassets in Resources */ = {isa = PBXBuildFile; fileRef = 870EA45E291433FC00936EB2 /* Preview Assets.xcassets */; };
		871F4209294265A400D58C72 /* AlfabetoCompletoView.swift in Sources */ = {isa = PBXBuildFile; fileRef = 871F4208294265A400D58C72 /* AlfabetoCompletoView.swift */; };
		87B8A7462927F72A009BE851 /* AtividadeVogaisView.swift in Sources */ = {isa = PBXBuildFile; fileRef = 87B8A7452927F72A009BE851 /* AtividadeVogaisView.swift */; };
		87D076A2292D446E00451A6B /* ConsoantesUIView.swift in Sources */ = {isa = PBXBuildFile; fileRef = 87D076A1292D446E00451A6B /* ConsoantesUIView.swift */; };
		AA34E08F291D62FE00E328D9 /* EscolhaDoUsuarioView.swift in Sources */ = {isa = PBXBuildFile; fileRef = AA34E08E291D62FE00E328D9 /* EscolhaDoUsuarioView.swift */; };
		AA34E091291D67AE00E328D9 /* VogaisView.swift in Sources */ = {isa = PBXBuildFile; fileRef = AA34E090291D67AE00E328D9 /* VogaisView.swift */; };
		AA6C530F29490B7D003745E2 /* AtividadeConsoantesView.swift in Sources */ = {isa = PBXBuildFile; fileRef = AA6C530E29490B7D003745E2 /* AtividadeConsoantesView.swift */; };
/* End PBXBuildFile section */

/* Begin PBXFileReference section */
		8120D3F12948A278004B1E73 /* B.mp3 */ = {isa = PBXFileReference; lastKnownFileType = audio.mp3; path = B.mp3; sourceTree = "<group>"; };
		8120D3F32948A2DE004B1E73 /* C.mp3 */ = {isa = PBXFileReference; lastKnownFileType = audio.mp3; path = C.mp3; sourceTree = "<group>"; };
		8120D3F52948A31A004B1E73 /* D.mp3 */ = {isa = PBXFileReference; lastKnownFileType = audio.mp3; path = D.mp3; sourceTree = "<group>"; };
		8120D3F72948A347004B1E73 /* E.mp3 */ = {isa = PBXFileReference; lastKnownFileType = audio.mp3; path = E.mp3; sourceTree = "<group>"; };
		8120D3F92948A389004B1E73 /* F.mp3 */ = {isa = PBXFileReference; lastKnownFileType = audio.mp3; path = F.mp3; sourceTree = "<group>"; };
		8120D3FB2948A467004B1E73 /* G.mp3 */ = {isa = PBXFileReference; lastKnownFileType = audio.mp3; path = G.mp3; sourceTree = "<group>"; };
		8120D3FD2948A513004B1E73 /* I.mp3 */ = {isa = PBXFileReference; lastKnownFileType = audio.mp3; path = I.mp3; sourceTree = "<group>"; };
		8120D3FF2948A524004B1E73 /* H.mp3 */ = {isa = PBXFileReference; lastKnownFileType = audio.mp3; path = H.mp3; sourceTree = "<group>"; };
		8120D4012948A586004B1E73 /* J.mp3 */ = {isa = PBXFileReference; lastKnownFileType = audio.mp3; path = J.mp3; sourceTree = "<group>"; };
		8120D4032948A5A8004B1E73 /* K.mp3 */ = {isa = PBXFileReference; lastKnownFileType = audio.mp3; path = K.mp3; sourceTree = "<group>"; };
		8120D4052948A5BF004B1E73 /* L.mp3 */ = {isa = PBXFileReference; lastKnownFileType = audio.mp3; path = L.mp3; sourceTree = "<group>"; };
		8120D4072948A667004B1E73 /* M.mp3 */ = {isa = PBXFileReference; lastKnownFileType = audio.mp3; path = M.mp3; sourceTree = "<group>"; };
		8120D4092948A68E004B1E73 /* N.mp3 */ = {isa = PBXFileReference; lastKnownFileType = audio.mp3; path = N.mp3; sourceTree = "<group>"; };
		8120D40B2948A692004B1E73 /* O.mp3 */ = {isa = PBXFileReference; lastKnownFileType = audio.mp3; path = O.mp3; sourceTree = "<group>"; };
		8120D40D2948A696004B1E73 /* P.mp3 */ = {isa = PBXFileReference; lastKnownFileType = audio.mp3; path = P.mp3; sourceTree = "<group>"; };
		8120D40F2948A736004B1E73 /* Q.mp3 */ = {isa = PBXFileReference; lastKnownFileType = audio.mp3; path = Q.mp3; sourceTree = "<group>"; };
		8120D4112948A73D004B1E73 /* R.mp3 */ = {isa = PBXFileReference; lastKnownFileType = audio.mp3; path = R.mp3; sourceTree = "<group>"; };
		8120D4132948A748004B1E73 /* S.mp3 */ = {isa = PBXFileReference; lastKnownFileType = audio.mp3; path = S.mp3; sourceTree = "<group>"; };
		8120D4152948A74E004B1E73 /* T.mp3 */ = {isa = PBXFileReference; lastKnownFileType = audio.mp3; path = T.mp3; sourceTree = "<group>"; };
		8120D4172948A757004B1E73 /* U.mp3 */ = {isa = PBXFileReference; lastKnownFileType = audio.mp3; path = U.mp3; sourceTree = "<group>"; };
		8120D4192948A827004B1E73 /* V.mp3 */ = {isa = PBXFileReference; lastKnownFileType = audio.mp3; path = V.mp3; sourceTree = "<group>"; };
		8120D41B2948A82C004B1E73 /* W.mp3 */ = {isa = PBXFileReference; lastKnownFileType = audio.mp3; path = W.mp3; sourceTree = "<group>"; };
		8120D41D2948A831004B1E73 /* X.mp3 */ = {isa = PBXFileReference; lastKnownFileType = audio.mp3; path = X.mp3; sourceTree = "<group>"; };
		8120D41F2948A837004B1E73 /* Y.mp3 */ = {isa = PBXFileReference; lastKnownFileType = audio.mp3; path = Y.mp3; sourceTree = "<group>"; };
		8120D4212948A83B004B1E73 /* Z.mp3 */ = {isa = PBXFileReference; lastKnownFileType = audio.mp3; path = Z.mp3; sourceTree = "<group>"; };
		8120D4232948A926004B1E73 /* A.mp3 */ = {isa = PBXFileReference; lastKnownFileType = audio.mp3; path = A.mp3; sourceTree = "<group>"; };
		8120D4252948DDB5004B1E73 /* escolha.mp3 */ = {isa = PBXFileReference; lastKnownFileType = audio.mp3; path = escolha.mp3; sourceTree = "<group>"; };
		8120D4272948F149004B1E73 /* vogais.mp3 */ = {isa = PBXFileReference; lastKnownFileType = audio.mp3; path = vogais.mp3; sourceTree = "<group>"; };
		8120D4292948F1AE004B1E73 /* consoante.mp3 */ = {isa = PBXFileReference; lastKnownFileType = audio.mp3; path = consoante.mp3; sourceTree = "<group>"; };
		8120D42B2948F39D004B1E73 /* alfabeto.mp3 */ = {isa = PBXFileReference; lastKnownFileType = audio.mp3; path = alfabeto.mp3; sourceTree = "<group>"; };
		8120D42F29490D00004B1E73 /* atividadevogal.mp3 */ = {isa = PBXFileReference; lastKnownFileType = audio.mp3; path = atividadevogal.mp3; sourceTree = "<group>"; };
		813A36E9291AF210006D31C6 /* ElementView.swift */ = {isa = PBXFileReference; lastKnownFileType = sourcecode.swift; path = ElementView.swift; sourceTree = "<group>"; };
		870EA454291433FC00936EB2 /* WR.app */ = {isa = PBXFileReference; explicitFileType = wrapper.application; includeInIndex = 0; path = WR.app; sourceTree = BUILT_PRODUCTS_DIR; };
		870EA457291433FC00936EB2 /* WRApp.swift */ = {isa = PBXFileReference; lastKnownFileType = sourcecode.swift; path = WRApp.swift; sourceTree = "<group>"; };
		870EA459291433FC00936EB2 /* ContentView.swift */ = {isa = PBXFileReference; lastKnownFileType = sourcecode.swift; path = ContentView.swift; sourceTree = "<group>"; };
		870EA45B291433FC00936EB2 /* Assets.xcassets */ = {isa = PBXFileReference; lastKnownFileType = folder.assetcatalog; path = Assets.xcassets; sourceTree = "<group>"; };
		870EA45E291433FC00936EB2 /* Preview Assets.xcassets */ = {isa = PBXFileReference; lastKnownFileType = folder.assetcatalog; path = "Preview Assets.xcassets"; sourceTree = "<group>"; };
		871F4208294265A400D58C72 /* AlfabetoCompletoView.swift */ = {isa = PBXFileReference; lastKnownFileType = sourcecode.swift; path = AlfabetoCompletoView.swift; sourceTree = "<group>"; };
		87B8A7452927F72A009BE851 /* AtividadeVogaisView.swift */ = {isa = PBXFileReference; lastKnownFileType = sourcecode.swift; path = AtividadeVogaisView.swift; sourceTree = "<group>"; };
		87D076A1292D446E00451A6B /* ConsoantesUIView.swift */ = {isa = PBXFileReference; lastKnownFileType = sourcecode.swift; path = ConsoantesUIView.swift; sourceTree = "<group>"; };
		AA34E08E291D62FE00E328D9 /* EscolhaDoUsuarioView.swift */ = {isa = PBXFileReference; lastKnownFileType = sourcecode.swift; path = EscolhaDoUsuarioView.swift; sourceTree = "<group>"; };
		AA34E090291D67AE00E328D9 /* VogaisView.swift */ = {isa = PBXFileReference; lastKnownFileType = sourcecode.swift; path = VogaisView.swift; sourceTree = "<group>"; };
		AA6C530E29490B7D003745E2 /* AtividadeConsoantesView.swift */ = {isa = PBXFileReference; lastKnownFileType = sourcecode.swift; path = AtividadeConsoantesView.swift; sourceTree = "<group>"; };
/* End PBXFileReference section */

/* Begin PBXFrameworksBuildPhase section */
		870EA451291433FC00936EB2 /* Frameworks */ = {
			isa = PBXFrameworksBuildPhase;
			buildActionMask = 2147483647;
			files = (
			);
			runOnlyForDeploymentPostprocessing = 0;
		};
/* End PBXFrameworksBuildPhase section */

/* Begin PBXGroup section */
		813BDADD29426D810020A39E /* Sons */ = {
			isa = PBXGroup;
			children = (
				8120D4232948A926004B1E73 /* A.mp3 */,
				8120D3F12948A278004B1E73 /* B.mp3 */,
				8120D3F32948A2DE004B1E73 /* C.mp3 */,
				8120D3F52948A31A004B1E73 /* D.mp3 */,
				8120D3F72948A347004B1E73 /* E.mp3 */,
				8120D3F92948A389004B1E73 /* F.mp3 */,
				8120D3FB2948A467004B1E73 /* G.mp3 */,
				8120D3FF2948A524004B1E73 /* H.mp3 */,
				8120D3FD2948A513004B1E73 /* I.mp3 */,
				8120D4012948A586004B1E73 /* J.mp3 */,
				8120D4032948A5A8004B1E73 /* K.mp3 */,
				8120D4052948A5BF004B1E73 /* L.mp3 */,
				8120D4072948A667004B1E73 /* M.mp3 */,
				8120D4092948A68E004B1E73 /* N.mp3 */,
				8120D40B2948A692004B1E73 /* O.mp3 */,
				8120D40D2948A696004B1E73 /* P.mp3 */,
				8120D40F2948A736004B1E73 /* Q.mp3 */,
				8120D4112948A73D004B1E73 /* R.mp3 */,
				8120D4132948A748004B1E73 /* S.mp3 */,
				8120D4152948A74E004B1E73 /* T.mp3 */,
				8120D4172948A757004B1E73 /* U.mp3 */,
				8120D4192948A827004B1E73 /* V.mp3 */,
				8120D41B2948A82C004B1E73 /* W.mp3 */,
				8120D41D2948A831004B1E73 /* X.mp3 */,
				8120D41F2948A837004B1E73 /* Y.mp3 */,
				8120D4212948A83B004B1E73 /* Z.mp3 */,
				8120D4252948DDB5004B1E73 /* escolha.mp3 */,
				8120D4272948F149004B1E73 /* vogais.mp3 */,
				8120D42F29490D00004B1E73 /* atividadevogal.mp3 */,
				8120D4292948F1AE004B1E73 /* consoante.mp3 */,
				8120D42B2948F39D004B1E73 /* alfabeto.mp3 */,
			);
			path = Sons;
			sourceTree = "<group>";
		};
		870EA44B291433FC00936EB2 = {
			isa = PBXGroup;
			children = (
				870EA456291433FC00936EB2 /* WR */,
				870EA455291433FC00936EB2 /* Products */,
			);
			sourceTree = "<group>";
		};
		870EA455291433FC00936EB2 /* Products */ = {
			isa = PBXGroup;
			children = (
				870EA454291433FC00936EB2 /* WR.app */,
			);
			name = Products;
			sourceTree = "<group>";
		};
		870EA456291433FC00936EB2 /* WR */ = {
			isa = PBXGroup;
			children = (
				870EA457291433FC00936EB2 /* WRApp.swift */,
				870EA459291433FC00936EB2 /* ContentView.swift */,
				813BDADD29426D810020A39E /* Sons */,
				AA34E08E291D62FE00E328D9 /* EscolhaDoUsuarioView.swift */,
				AA34E090291D67AE00E328D9 /* VogaisView.swift */,
				87B8A7452927F72A009BE851 /* AtividadeVogaisView.swift */,
				87D076A1292D446E00451A6B /* ConsoantesUIView.swift */,
				AA6C530E29490B7D003745E2 /* AtividadeConsoantesView.swift */,
				871F4208294265A400D58C72 /* AlfabetoCompletoView.swift */,
				870EA45B291433FC00936EB2 /* Assets.xcassets */,
				870EA45D291433FC00936EB2 /* Preview Content */,
				813A36E9291AF210006D31C6 /* ElementView.swift */,
			);
			path = WR;
			sourceTree = "<group>";
		};
		870EA45D291433FC00936EB2 /* Preview Content */ = {
			isa = PBXGroup;
			children = (
				870EA45E291433FC00936EB2 /* Preview Assets.xcassets */,
			);
			path = "Preview Content";
			sourceTree = "<group>";
		};
/* End PBXGroup section */

/* Begin PBXNativeTarget section */
		870EA453291433FC00936EB2 /* WR */ = {
			isa = PBXNativeTarget;
			buildConfigurationList = 870EA462291433FC00936EB2 /* Build configuration list for PBXNativeTarget "WR" */;
			buildPhases = (
				870EA450291433FC00936EB2 /* Sources */,
				870EA451291433FC00936EB2 /* Frameworks */,
				870EA452291433FC00936EB2 /* Resources */,
			);
			buildRules = (
			);
			dependencies = (
			);
			name = WR;
			productName = WR;
			productReference = 870EA454291433FC00936EB2 /* WR.app */;
			productType = "com.apple.product-type.application";
		};
/* End PBXNativeTarget section */

/* Begin PBXProject section */
		870EA44C291433FC00936EB2 /* Project object */ = {
			isa = PBXProject;
			attributes = {
				BuildIndependentTargetsInParallel = 1;
				LastSwiftUpdateCheck = 1400;
				LastUpgradeCheck = 1400;
				TargetAttributes = {
					870EA453291433FC00936EB2 = {
						CreatedOnToolsVersion = 14.0.1;
					};
				};
			};
			buildConfigurationList = 870EA44F291433FC00936EB2 /* Build configuration list for PBXProject "WR" */;
			compatibilityVersion = "Xcode 14.0";
			developmentRegion = en;
			hasScannedForEncodings = 0;
			knownRegions = (
				en,
				Base,
			);
			mainGroup = 870EA44B291433FC00936EB2;
			productRefGroup = 870EA455291433FC00936EB2 /* Products */;
			projectDirPath = "";
			projectRoot = "";
			targets = (
				870EA453291433FC00936EB2 /* WR */,
			);
		};
/* End PBXProject section */

/* Begin PBXResourcesBuildPhase section */
		870EA452291433FC00936EB2 /* Resources */ = {
			isa = PBXResourcesBuildPhase;
			buildActionMask = 2147483647;
			files = (
				8120D40C2948A692004B1E73 /* O.mp3 in Resources */,
				8120D4002948A524004B1E73 /* H.mp3 in Resources */,
				8120D3FC2948A467004B1E73 /* G.mp3 in Resources */,
				8120D42A2948F1AE004B1E73 /* consoante.mp3 in Resources */,
				8120D3F82948A347004B1E73 /* E.mp3 in Resources */,
				8120D40E2948A696004B1E73 /* P.mp3 in Resources */,
				8120D4282948F149004B1E73 /* vogais.mp3 in Resources */,
				8120D41E2948A831004B1E73 /* X.mp3 in Resources */,
				8120D3FA2948A389004B1E73 /* F.mp3 in Resources */,
				8120D4062948A5BF004B1E73 /* L.mp3 in Resources */,
				8120D3F42948A2DE004B1E73 /* C.mp3 in Resources */,
				8120D3F62948A31A004B1E73 /* D.mp3 in Resources */,
				8120D4122948A73D004B1E73 /* R.mp3 in Resources */,
				8120D4142948A748004B1E73 /* S.mp3 in Resources */,
				8120D4222948A83B004B1E73 /* Z.mp3 in Resources */,
				8120D40A2948A68E004B1E73 /* N.mp3 in Resources */,
				870EA45F291433FC00936EB2 /* Preview Assets.xcassets in Resources */,
				8120D42C2948F39D004B1E73 /* alfabeto.mp3 in Resources */,
				8120D4182948A757004B1E73 /* U.mp3 in Resources */,
				8120D4102948A736004B1E73 /* Q.mp3 in Resources */,
				8120D4022948A586004B1E73 /* J.mp3 in Resources */,
				8120D43029490D00004B1E73 /* atividadevogal.mp3 in Resources */,
				8120D3F22948A278004B1E73 /* B.mp3 in Resources */,
				8120D3FE2948A513004B1E73 /* I.mp3 in Resources */,
				8120D4262948DDB5004B1E73 /* escolha.mp3 in Resources */,
				8120D41A2948A827004B1E73 /* V.mp3 in Resources */,
				8120D4042948A5A8004B1E73 /* K.mp3 in Resources */,
				8120D4202948A837004B1E73 /* Y.mp3 in Resources */,
				8120D41C2948A82C004B1E73 /* W.mp3 in Resources */,
				8120D4162948A74E004B1E73 /* T.mp3 in Resources */,
				8120D4242948A926004B1E73 /* A.mp3 in Resources */,
				8120D4082948A667004B1E73 /* M.mp3 in Resources */,
				870EA45C291433FC00936EB2 /* Assets.xcassets in Resources */,
			);
			runOnlyForDeploymentPostprocessing = 0;
		};
/* End PBXResourcesBuildPhase section */

/* Begin PBXSourcesBuildPhase section */
		870EA450291433FC00936EB2 /* Sources */ = {
			isa = PBXSourcesBuildPhase;
			buildActionMask = 2147483647;
			files = (
				870EA45A291433FC00936EB2 /* ContentView.swift in Sources */,
				AA6C530F29490B7D003745E2 /* AtividadeConsoantesView.swift in Sources */,
				871F4209294265A400D58C72 /* AlfabetoCompletoView.swift in Sources */,
				87B8A7462927F72A009BE851 /* AtividadeVogaisView.swift in Sources */,
				AA34E091291D67AE00E328D9 /* VogaisView.swift in Sources */,
				813A36EA291AF210006D31C6 /* ElementView.swift in Sources */,
				AA34E08F291D62FE00E328D9 /* EscolhaDoUsuarioView.swift in Sources */,
				87D076A2292D446E00451A6B /* ConsoantesUIView.swift in Sources */,
				870EA458291433FC00936EB2 /* WRApp.swift in Sources */,
			);
			runOnlyForDeploymentPostprocessing = 0;
		};
/* End PBXSourcesBuildPhase section */

/* Begin XCBuildConfiguration section */
		870EA460291433FC00936EB2 /* Debug */ = {
			isa = XCBuildConfiguration;
			buildSettings = {
				ALWAYS_SEARCH_USER_PATHS = NO;
				CLANG_ANALYZER_NONNULL = YES;
				CLANG_ANALYZER_NUMBER_OBJECT_CONVERSION = YES_AGGRESSIVE;
				CLANG_CXX_LANGUAGE_STANDARD = "gnu++20";
				CLANG_ENABLE_MODULES = YES;
				CLANG_ENABLE_OBJC_ARC = YES;
				CLANG_ENABLE_OBJC_WEAK = YES;
				CLANG_WARN_BLOCK_CAPTURE_AUTORELEASING = YES;
				CLANG_WARN_BOOL_CONVERSION = YES;
				CLANG_WARN_COMMA = YES;
				CLANG_WARN_CONSTANT_CONVERSION = YES;
				CLANG_WARN_DEPRECATED_OBJC_IMPLEMENTATIONS = YES;
				CLANG_WARN_DIRECT_OBJC_ISA_USAGE = YES_ERROR;
				CLANG_WARN_DOCUMENTATION_COMMENTS = YES;
				CLANG_WARN_EMPTY_BODY = YES;
				CLANG_WARN_ENUM_CONVERSION = YES;
				CLANG_WARN_INFINITE_RECURSION = YES;
				CLANG_WARN_INT_CONVERSION = YES;
				CLANG_WARN_NON_LITERAL_NULL_CONVERSION = YES;
				CLANG_WARN_OBJC_IMPLICIT_RETAIN_SELF = YES;
				CLANG_WARN_OBJC_LITERAL_CONVERSION = YES;
				CLANG_WARN_OBJC_ROOT_CLASS = YES_ERROR;
				CLANG_WARN_QUOTED_INCLUDE_IN_FRAMEWORK_HEADER = YES;
				CLANG_WARN_RANGE_LOOP_ANALYSIS = YES;
				CLANG_WARN_STRICT_PROTOTYPES = YES;
				CLANG_WARN_SUSPICIOUS_MOVE = YES;
				CLANG_WARN_UNGUARDED_AVAILABILITY = YES_AGGRESSIVE;
				CLANG_WARN_UNREACHABLE_CODE = YES;
				CLANG_WARN__DUPLICATE_METHOD_MATCH = YES;
				COPY_PHASE_STRIP = NO;
				DEBUG_INFORMATION_FORMAT = dwarf;
				ENABLE_STRICT_OBJC_MSGSEND = YES;
				ENABLE_TESTABILITY = YES;
				GCC_C_LANGUAGE_STANDARD = gnu11;
				GCC_DYNAMIC_NO_PIC = NO;
				GCC_NO_COMMON_BLOCKS = YES;
				GCC_OPTIMIZATION_LEVEL = 0;
				GCC_PREPROCESSOR_DEFINITIONS = (
					"DEBUG=1",
					"$(inherited)",
				);
				GCC_WARN_64_TO_32_BIT_CONVERSION = YES;
				GCC_WARN_ABOUT_RETURN_TYPE = YES_ERROR;
				GCC_WARN_UNDECLARED_SELECTOR = YES;
				GCC_WARN_UNINITIALIZED_AUTOS = YES_AGGRESSIVE;
				GCC_WARN_UNUSED_FUNCTION = YES;
				GCC_WARN_UNUSED_VARIABLE = YES;
				IPHONEOS_DEPLOYMENT_TARGET = 16.0;
				MTL_ENABLE_DEBUG_INFO = INCLUDE_SOURCE;
				MTL_FAST_MATH = YES;
				ONLY_ACTIVE_ARCH = YES;
				SDKROOT = iphoneos;
				SWIFT_ACTIVE_COMPILATION_CONDITIONS = DEBUG;
				SWIFT_OPTIMIZATION_LEVEL = "-Onone";
			};
			name = Debug;
		};
		870EA461291433FC00936EB2 /* Release */ = {
			isa = XCBuildConfiguration;
			buildSettings = {
				ALWAYS_SEARCH_USER_PATHS = NO;
				CLANG_ANALYZER_NONNULL = YES;
				CLANG_ANALYZER_NUMBER_OBJECT_CONVERSION = YES_AGGRESSIVE;
				CLANG_CXX_LANGUAGE_STANDARD = "gnu++20";
				CLANG_ENABLE_MODULES = YES;
				CLANG_ENABLE_OBJC_ARC = YES;
				CLANG_ENABLE_OBJC_WEAK = YES;
				CLANG_WARN_BLOCK_CAPTURE_AUTORELEASING = YES;
				CLANG_WARN_BOOL_CONVERSION = YES;
				CLANG_WARN_COMMA = YES;
				CLANG_WARN_CONSTANT_CONVERSION = YES;
				CLANG_WARN_DEPRECATED_OBJC_IMPLEMENTATIONS = YES;
				CLANG_WARN_DIRECT_OBJC_ISA_USAGE = YES_ERROR;
				CLANG_WARN_DOCUMENTATION_COMMENTS = YES;
				CLANG_WARN_EMPTY_BODY = YES;
				CLANG_WARN_ENUM_CONVERSION = YES;
				CLANG_WARN_INFINITE_RECURSION = YES;
				CLANG_WARN_INT_CONVERSION = YES;
				CLANG_WARN_NON_LITERAL_NULL_CONVERSION = YES;
				CLANG_WARN_OBJC_IMPLICIT_RETAIN_SELF = YES;
				CLANG_WARN_OBJC_LITERAL_CONVERSION = YES;
				CLANG_WARN_OBJC_ROOT_CLASS = YES_ERROR;
				CLANG_WARN_QUOTED_INCLUDE_IN_FRAMEWORK_HEADER = YES;
				CLANG_WARN_RANGE_LOOP_ANALYSIS = YES;
				CLANG_WARN_STRICT_PROTOTYPES = YES;
				CLANG_WARN_SUSPICIOUS_MOVE = YES;
				CLANG_WARN_UNGUARDED_AVAILABILITY = YES_AGGRESSIVE;
				CLANG_WARN_UNREACHABLE_CODE = YES;
				CLANG_WARN__DUPLICATE_METHOD_MATCH = YES;
				COPY_PHASE_STRIP = NO;
				DEBUG_INFORMATION_FORMAT = "dwarf-with-dsym";
				ENABLE_NS_ASSERTIONS = NO;
				ENABLE_STRICT_OBJC_MSGSEND = YES;
				GCC_C_LANGUAGE_STANDARD = gnu11;
				GCC_NO_COMMON_BLOCKS = YES;
				GCC_WARN_64_TO_32_BIT_CONVERSION = YES;
				GCC_WARN_ABOUT_RETURN_TYPE = YES_ERROR;
				GCC_WARN_UNDECLARED_SELECTOR = YES;
				GCC_WARN_UNINITIALIZED_AUTOS = YES_AGGRESSIVE;
				GCC_WARN_UNUSED_FUNCTION = YES;
				GCC_WARN_UNUSED_VARIABLE = YES;
				IPHONEOS_DEPLOYMENT_TARGET = 16.0;
				MTL_ENABLE_DEBUG_INFO = NO;
				MTL_FAST_MATH = YES;
				SDKROOT = iphoneos;
				SWIFT_COMPILATION_MODE = wholemodule;
				SWIFT_OPTIMIZATION_LEVEL = "-O";
				VALIDATE_PRODUCT = YES;
			};
			name = Release;
		};
		870EA463291433FC00936EB2 /* Debug */ = {
			isa = XCBuildConfiguration;
			buildSettings = {
				ASSETCATALOG_COMPILER_APPICON_NAME = AppIcon;
				ASSETCATALOG_COMPILER_GLOBAL_ACCENT_COLOR_NAME = AccentColor;
				CODE_SIGN_STYLE = Automatic;
				CURRENT_PROJECT_VERSION = 1;
				DEVELOPMENT_ASSET_PATHS = "\"WR/Preview Content\"";
				ENABLE_PREVIEWS = YES;
				GENERATE_INFOPLIST_FILE = YES;
				INFOPLIST_KEY_UIApplicationSceneManifest_Generation = YES;
				INFOPLIST_KEY_UIApplicationSupportsIndirectInputEvents = YES;
				INFOPLIST_KEY_UILaunchScreen_Generation = YES;
				INFOPLIST_KEY_UISupportedInterfaceOrientations_iPad = "UIInterfaceOrientationPortrait UIInterfaceOrientationPortraitUpsideDown UIInterfaceOrientationLandscapeLeft UIInterfaceOrientationLandscapeRight";
				INFOPLIST_KEY_UISupportedInterfaceOrientations_iPhone = "UIInterfaceOrientationPortrait UIInterfaceOrientationLandscapeLeft UIInterfaceOrientationLandscapeRight";
				LD_RUNPATH_SEARCH_PATHS = (
					"$(inherited)",
					"@executable_path/Frameworks",
				);
				MARKETING_VERSION = 1.0;
				PRODUCT_BUNDLE_IDENTIFIER = foudation.ifce.WR;
				PRODUCT_NAME = "$(TARGET_NAME)";
				SWIFT_EMIT_LOC_STRINGS = YES;
				SWIFT_VERSION = 5.0;
				TARGETED_DEVICE_FAMILY = "1,2";
			};
			name = Debug;
		};
		870EA464291433FC00936EB2 /* Release */ = {
			isa = XCBuildConfiguration;
			buildSettings = {
				ASSETCATALOG_COMPILER_APPICON_NAME = AppIcon;
				ASSETCATALOG_COMPILER_GLOBAL_ACCENT_COLOR_NAME = AccentColor;
				CODE_SIGN_STYLE = Automatic;
				CURRENT_PROJECT_VERSION = 1;
				DEVELOPMENT_ASSET_PATHS = "\"WR/Preview Content\"";
				ENABLE_PREVIEWS = YES;
				GENERATE_INFOPLIST_FILE = YES;
				INFOPLIST_KEY_UIApplicationSceneManifest_Generation = YES;
				INFOPLIST_KEY_UIApplicationSupportsIndirectInputEvents = YES;
				INFOPLIST_KEY_UILaunchScreen_Generation = YES;
				INFOPLIST_KEY_UISupportedInterfaceOrientations_iPad = "UIInterfaceOrientationPortrait UIInterfaceOrientationPortraitUpsideDown UIInterfaceOrientationLandscapeLeft UIInterfaceOrientationLandscapeRight";
				INFOPLIST_KEY_UISupportedInterfaceOrientations_iPhone = "UIInterfaceOrientationPortrait UIInterfaceOrientationLandscapeLeft UIInterfaceOrientationLandscapeRight";
				LD_RUNPATH_SEARCH_PATHS = (
					"$(inherited)",
					"@executable_path/Frameworks",
				);
				MARKETING_VERSION = 1.0;
				PRODUCT_BUNDLE_IDENTIFIER = foudation.ifce.WR;
				PRODUCT_NAME = "$(TARGET_NAME)";
				SWIFT_EMIT_LOC_STRINGS = YES;
				SWIFT_VERSION = 5.0;
				TARGETED_DEVICE_FAMILY = "1,2";
			};
			name = Release;
		};
/* End XCBuildConfiguration section */

/* Begin XCConfigurationList section */
		870EA44F291433FC00936EB2 /* Build configuration list for PBXProject "WR" */ = {
			isa = XCConfigurationList;
			buildConfigurations = (
				870EA460291433FC00936EB2 /* Debug */,
				870EA461291433FC00936EB2 /* Release */,
			);
			defaultConfigurationIsVisible = 0;
			defaultConfigurationName = Release;
		};
		870EA462291433FC00936EB2 /* Build configuration list for PBXNativeTarget "WR" */ = {
			isa = XCConfigurationList;
			buildConfigurations = (
				870EA463291433FC00936EB2 /* Debug */,
				870EA464291433FC00936EB2 /* Release */,
			);
			defaultConfigurationIsVisible = 0;
			defaultConfigurationName = Release;
		};
/* End XCConfigurationList section */
	};
	rootObject = 870EA44C291433FC00936EB2 /* Project object */;
}
